
Microsoft Visual Studio Solution File, Format Version 12.00
# Visual Studio 14
VisualStudioVersion = 14.0.23107.0
MinimumVisualStudioVersion = 10.0.40219.1
Project("{FAE04EC0-301F-11D3-BF4B-00C04F79EFBC}") = "EscherTilier", "EscherTilier\EscherTilier.csproj", "{0AF23D81-8AD8-4766-AFA9-27545B0D0C14}"
EndProject
Project("{FAE04EC0-301F-11D3-BF4B-00C04F79EFBC}") = "EscherTilier.Core", "EscherTilier.Core\EscherTilier.Core.csproj", "{012DCA1D-48AE-49CB-AF81-7D09B3D81843}"
EndProject
Project("{FAE04EC0-301F-11D3-BF4B-00C04F79EFBC}") = "EscherTilier.Test", "EscherTilier.Test\EscherTilier.Test.csproj", "{03E89C00-2E06-4A10-A153-6027D7948D32}"
EndProject
Global
	GlobalSection(SolutionConfigurationPlatforms) = preSolution
		Debug|Any CPU = Debug|Any CPU
		Debug|x64 = Debug|x64
		Release|Any CPU = Release|Any CPU
		Release|x64 = Release|x64
	EndGlobalSection
	GlobalSection(ProjectConfigurationPlatforms) = postSolution
		{0AF23D81-8AD8-4766-AFA9-27545B0D0C14}.Debug|Any CPU.ActiveCfg = Debug|Any CPU
		{0AF23D81-8AD8-4766-AFA9-27545B0D0C14}.Debug|Any CPU.Build.0 = Debug|Any CPU
		{0AF23D81-8AD8-4766-AFA9-27545B0D0C14}.Debug|x64.ActiveCfg = Debug|x64
		{0AF23D81-8AD8-4766-AFA9-27545B0D0C14}.Debug|x64.Build.0 = Debug|x64
		{0AF23D81-8AD8-4766-AFA9-27545B0D0C14}.Release|Any CPU.ActiveCfg = Release|Any CPU
		{0AF23D81-8AD8-4766-AFA9-27545B0D0C14}.Release|Any CPU.Build.0 = Release|Any CPU
		{0AF23D81-8AD8-4766-AFA9-27545B0D0C14}.Release|x64.ActiveCfg = Release|x64
		{0AF23D81-8AD8-4766-AFA9-27545B0D0C14}.Release|x64.Build.0 = Release|x64
		{012DCA1D-48AE-49CB-AF81-7D09B3D81843}.Debug|Any CPU.ActiveCfg = Debug|Any CPU
		{012DCA1D-48AE-49CB-AF81-7D09B3D81843}.Debug|Any CPU.Build.0 = Debug|Any CPU
		{012DCA1D-48AE-49CB-AF81-7D09B3D81843}.Debug|x64.ActiveCfg = Debug|x64
		{012DCA1D-48AE-49CB-AF81-7D09B3D81843}.Debug|x64.Build.0 = Debug|x64
		{012DCA1D-48AE-49CB-AF81-7D09B3D81843}.Release|Any CPU.ActiveCfg = Release|Any CPU
		{012DCA1D-48AE-49CB-AF81-7D09B3D81843}.Release|Any CPU.Build.0 = Release|Any CPU
		{012DCA1D-48AE-49CB-AF81-7D09B3D81843}.Release|x64.ActiveCfg = Release|x64
		{012DCA1D-48AE-49CB-AF81-7D09B3D81843}.Release|x64.Build.0 = Release|x64
		{03E89C00-2E06-4A10-A153-6027D7948D32}.Debug|Any CPU.ActiveCfg = Debug|Any CPU
		{03E89C00-2E06-4A10-A153-6027D7948D32}.Debug|Any CPU.Build.0 = Debug|Any CPU
		{03E89C00-2E06-4A10-A153-6027D7948D32}.Debug|x64.ActiveCfg = Debug|x64
		{03E89C00-2E06-4A10-A153-6027D7948D32}.Debug|x64.Build.0 = Debug|x64
		{03E89C00-2E06-4A10-A153-6027D7948D32}.Release|Any CPU.ActiveCfg = Release|Any CPU
		{03E89C00-2E06-4A10-A153-6027D7948D32}.Release|Any CPU.Build.0 = Release|Any CPU
		{03E89C00-2E06-4A10-A153-6027D7948D32}.Release|x64.ActiveCfg = Release|x64
		{03E89C00-2E06-4A10-A153-6027D7948D32}.Release|x64.Build.0 = Release|x64
	EndGlobalSection
	GlobalSection(SolutionProperties) = preSolution
		HideSolutionNode = FALSE
	EndGlobalSection
EndGlobal
